{
  "nodes": {
    "flake-root": {
      "locked": {
        "lastModified": 1671301732,
        "narHash": "sha256-Gk+8PvIG66UMhx0F9wsgpMQ5KdzAhcXAJHKZpym1aYA=",
        "owner": "srid",
        "repo": "flake-root",
        "rev": "972a7da22ac2c8cd14e07ce5a476047dec94f2a6",
        "type": "github"
      },
      "original": {
        "owner": "srid",
        "repo": "flake-root",
        "type": "github"
      }
    },
    "root": {
      "inputs": {
        "flake-root": "flake-root"
      }
    }
  },
  "root": "root",
  "version": 7
}
